// !$*UTF8*$!
{
	archiveVersion = 1;
	classes = {
	};
	objectVersion = 50;
	objects = {

/* Begin PBXBuildFile section */
		64E727DD41EA48CD3FA7A4EE /* libPods-GitTestTests.a in Frameworks */ = {isa = PBXBuildFile; fileRef = 71F1F7FB25D17C2584EC6CAA /* libPods-GitTestTests.a */; };
		9BEA7A2D2F6FA083566F570C /* libPods-GitTest.a in Frameworks */ = {isa = PBXBuildFile; fileRef = 18F33E1A9DF75BD7352B6A93 /* libPods-GitTest.a */; };
		9E6DB6FE218149A500B4E0D9 /* AvoidCrash.m in Sources */ = {isa = PBXBuildFile; fileRef = 9E6DB6E8218149A500B4E0D9 /* AvoidCrash.m */; };
		9E6DB6FF218149A500B4E0D9 /* AvoidCrashStubProxy.m in Sources */ = {isa = PBXBuildFile; fileRef = 9E6DB6EB218149A500B4E0D9 /* AvoidCrashStubProxy.m */; };
		9E6DB700218149A500B4E0D9 /* NSArray+AvoidCrash.m in Sources */ = {isa = PBXBuildFile; fileRef = 9E6DB6ED218149A500B4E0D9 /* NSArray+AvoidCrash.m */; };
		9E6DB701218149A500B4E0D9 /* NSAttributedString+AvoidCrash.m in Sources */ = {isa = PBXBuildFile; fileRef = 9E6DB6EF218149A500B4E0D9 /* NSAttributedString+AvoidCrash.m */; };
		9E6DB702218149A500B4E0D9 /* NSDictionary+AvoidCrash.m in Sources */ = {isa = PBXBuildFile; fileRef = 9E6DB6F1218149A500B4E0D9 /* NSDictionary+AvoidCrash.m */; };
		9E6DB703218149A500B4E0D9 /* NSMutableArray+AvoidCrash.m in Sources */ = {isa = PBXBuildFile; fileRef = 9E6DB6F3218149A500B4E0D9 /* NSMutableArray+AvoidCrash.m */; };
		9E6DB704218149A500B4E0D9 /* NSMutableAttributedString+AvoidCrash.m in Sources */ = {isa = PBXBuildFile; fileRef = 9E6DB6F5218149A500B4E0D9 /* NSMutableAttributedString+AvoidCrash.m */; };
		9E6DB705218149A500B4E0D9 /* NSMutableDictionary+AvoidCrash.m in Sources */ = {isa = PBXBuildFile; fileRef = 9E6DB6F7218149A500B4E0D9 /* NSMutableDictionary+AvoidCrash.m */; };
		9E6DB706218149A500B4E0D9 /* NSMutableString+AvoidCrash.m in Sources */ = {isa = PBXBuildFile; fileRef = 9E6DB6F9218149A500B4E0D9 /* NSMutableString+AvoidCrash.m */; };
		9E6DB707218149A500B4E0D9 /* NSObject+AvoidCrash.m in Sources */ = {isa = PBXBuildFile; fileRef = 9E6DB6FB218149A500B4E0D9 /* NSObject+AvoidCrash.m */; };
		9E6DB708218149A500B4E0D9 /* NSString+AvoidCrash.m in Sources */ = {isa = PBXBuildFile; fileRef = 9E6DB6FD218149A500B4E0D9 /* NSString+AvoidCrash.m */; };
		9E7C90D52180061D00755744 /* TestVC.m in Sources */ = {isa = PBXBuildFile; fileRef = 9E7C90D42180061D00755744 /* TestVC.m */; };
		9E8550A1217FFA9600660C6A /* AppDelegate.m in Sources */ = {isa = PBXBuildFile; fileRef = 9E8550A0217FFA9600660C6A /* AppDelegate.m */; };
		9E8550A4217FFA9600660C6A /* ViewController.m in Sources */ = {isa = PBXBuildFile; fileRef = 9E8550A3217FFA9600660C6A /* ViewController.m */; };
		9E8550A7217FFA9600660C6A /* Main.storyboard in Resources */ = {isa = PBXBuildFile; fileRef = 9E8550A5217FFA9600660C6A /* Main.storyboard */; };
		9E8550A9217FFA9700660C6A /* Assets.xcassets in Resources */ = {isa = PBXBuildFile; fileRef = 9E8550A8217FFA9700660C6A /* Assets.xcassets */; };
		9E8550AC217FFA9700660C6A /* LaunchScreen.storyboard in Resources */ = {isa = PBXBuildFile; fileRef = 9E8550AA217FFA9700660C6A /* LaunchScreen.storyboard */; };
		9E8550AF217FFA9700660C6A /* main.m in Sources */ = {isa = PBXBuildFile; fileRef = 9E8550AE217FFA9700660C6A /* main.m */; };
		9E8550B9217FFA9700660C6A /* GitTestTests.m in Sources */ = {isa = PBXBuildFile; fileRef = 9E8550B8217FFA9700660C6A /* GitTestTests.m */; };
		9E8550C4217FFA9700660C6A /* GitTestUITests.m in Sources */ = {isa = PBXBuildFile; fileRef = 9E8550C3217FFA9700660C6A /* GitTestUITests.m */; };
		FA1F3D5F38F046C8200DB6E2 /* libPods-GitTestUITests.a in Frameworks */ = {isa = PBXBuildFile; fileRef = 02255829DD268ABDD2E099B0 /* libPods-GitTestUITests.a */; };
/* End PBXBuildFile section */

/* Begin PBXContainerItemProxy section */
		9E8550B5217FFA9700660C6A /* PBXContainerItemProxy */ = {
			isa = PBXContainerItemProxy;
			containerPortal = 9E855094217FFA9600660C6A /* Project object */;
			proxyType = 1;
			remoteGlobalIDString = 9E85509B217FFA9600660C6A;
			remoteInfo = GitTest;
		};
		9E8550C0217FFA9700660C6A /* PBXContainerItemProxy */ = {
			isa = PBXContainerItemProxy;
			containerPortal = 9E855094217FFA9600660C6A /* Project object */;
			proxyType = 1;
			remoteGlobalIDString = 9E85509B217FFA9600660C6A;
			remoteInfo = GitTest;
		};
/* End PBXContainerItemProxy section */

/* Begin PBXFileReference section */
		02255829DD268ABDD2E099B0 /* libPods-GitTestUITests.a */ = {isa = PBXFileReference; explicitFileType = archive.ar; includeInIndex = 0; path = "libPods-GitTestUITests.a"; sourceTree = BUILT_PRODUCTS_DIR; };
		18F33E1A9DF75BD7352B6A93 /* libPods-GitTest.a */ = {isa = PBXFileReference; explicitFileType = archive.ar; includeInIndex = 0; path = "libPods-GitTest.a"; sourceTree = BUILT_PRODUCTS_DIR; };
		646B68F7B6FA9B334064C380 /* Pods-GitTestTests.debug.xcconfig */ = {isa = PBXFileReference; includeInIndex = 1; lastKnownFileType = text.xcconfig; name = "Pods-GitTestTests.debug.xcconfig"; path = "Pods/Target Support Files/Pods-GitTestTests/Pods-GitTestTests.debug.xcconfig"; sourceTree = "<group>"; };
		67056F3D056C62886BE0EC77 /* Pods-GitTestUITests.release.xcconfig */ = {isa = PBXFileReference; includeInIndex = 1; lastKnownFileType = text.xcconfig; name = "Pods-GitTestUITests.release.xcconfig"; path = "Pods/Target Support Files/Pods-GitTestUITests/Pods-GitTestUITests.release.xcconfig"; sourceTree = "<group>"; };
		71F1F7FB25D17C2584EC6CAA /* libPods-GitTestTests.a */ = {isa = PBXFileReference; explicitFileType = archive.ar; includeInIndex = 0; path = "libPods-GitTestTests.a"; sourceTree = BUILT_PRODUCTS_DIR; };
		92233ADFAE3F0154060A430F /* Pods-GitTestTests.release.xcconfig */ = {isa = PBXFileReference; includeInIndex = 1; lastKnownFileType = text.xcconfig; name = "Pods-GitTestTests.release.xcconfig"; path = "Pods/Target Support Files/Pods-GitTestTests/Pods-GitTestTests.release.xcconfig"; sourceTree = "<group>"; };
		9BB3316EC92E5847193D6401 /* Pods-GitTest.debug.xcconfig */ = {isa = PBXFileReference; includeInIndex = 1; lastKnownFileType = text.xcconfig; name = "Pods-GitTest.debug.xcconfig"; path = "Pods/Target Support Files/Pods-GitTest/Pods-GitTest.debug.xcconfig"; sourceTree = "<group>"; };
		9E6DB6E7218149A500B4E0D9 /* AvoidCrash.h */ = {isa = PBXFileReference; fileEncoding = 4; lastKnownFileType = sourcecode.c.h; path = AvoidCrash.h; sourceTree = "<group>"; };
		9E6DB6E8218149A500B4E0D9 /* AvoidCrash.m */ = {isa = PBXFileReference; fileEncoding = 4; lastKnownFileType = sourcecode.c.objc; path = AvoidCrash.m; sourceTree = "<group>"; };
		9E6DB6E9218149A500B4E0D9 /* AvoidCrashProtocol.h */ = {isa = PBXFileReference; fileEncoding = 4; lastKnownFileType = sourcecode.c.h; path = AvoidCrashProtocol.h; sourceTree = "<group>"; };
		9E6DB6EA218149A500B4E0D9 /* AvoidCrashStubProxy.h */ = {isa = PBXFileReference; fileEncoding = 4; lastKnownFileType = sourcecode.c.h; path = AvoidCrashStubProxy.h; sourceTree = "<group>"; };
		9E6DB6EB218149A500B4E0D9 /* AvoidCrashStubProxy.m */ = {isa = PBXFileReference; fileEncoding = 4; lastKnownFileType = sourcecode.c.objc; path = AvoidCrashStubProxy.m; sourceTree = "<group>"; };
		9E6DB6EC218149A500B4E0D9 /* NSArray+AvoidCrash.h */ = {isa = PBXFileReference; fileEncoding = 4; lastKnownFileType = sourcecode.c.h; path = "NSArray+AvoidCrash.h"; sourceTree = "<group>"; };
		9E6DB6ED218149A500B4E0D9 /* NSArray+AvoidCrash.m */ = {isa = PBXFileReference; fileEncoding = 4; lastKnownFileType = sourcecode.c.objc; path = "NSArray+AvoidCrash.m"; sourceTree = "<group>"; };
		9E6DB6EE218149A500B4E0D9 /* NSAttributedString+AvoidCrash.h */ = {isa = PBXFileReference; fileEncoding = 4; lastKnownFileType = sourcecode.c.h; path = "NSAttributedString+AvoidCrash.h"; sourceTree = "<group>"; };
		9E6DB6EF218149A500B4E0D9 /* NSAttributedString+AvoidCrash.m */ = {isa = PBXFileReference; fileEncoding = 4; lastKnownFileType = sourcecode.c.objc; path = "NSAttributedString+AvoidCrash.m"; sourceTree = "<group>"; };
		9E6DB6F0218149A500B4E0D9 /* NSDictionary+AvoidCrash.h */ = {isa = PBXFileReference; fileEncoding = 4; lastKnownFileType = sourcecode.c.h; path = "NSDictionary+AvoidCrash.h"; sourceTree = "<group>"; };
		9E6DB6F1218149A500B4E0D9 /* NSDictionary+AvoidCrash.m */ = {isa = PBXFileReference; fileEncoding = 4; lastKnownFileType = sourcecode.c.objc; path = "NSDictionary+AvoidCrash.m"; sourceTree = "<group>"; };
		9E6DB6F2218149A500B4E0D9 /* NSMutableArray+AvoidCrash.h */ = {isa = PBXFileReference; fileEncoding = 4; lastKnownFileType = sourcecode.c.h; path = "NSMutableArray+AvoidCrash.h"; sourceTree = "<group>"; };
		9E6DB6F3218149A500B4E0D9 /* NSMutableArray+AvoidCrash.m */ = {isa = PBXFileReference; fileEncoding = 4; lastKnownFileType = sourcecode.c.objc; path = "NSMutableArray+AvoidCrash.m"; sourceTree = "<group>"; };
		9E6DB6F4218149A500B4E0D9 /* NSMutableAttributedString+AvoidCrash.h */ = {isa = PBXFileReference; fileEncoding = 4; lastKnownFileType = sourcecode.c.h; path = "NSMutableAttributedString+AvoidCrash.h"; sourceTree = "<group>"; };
		9E6DB6F5218149A500B4E0D9 /* NSMutableAttributedString+AvoidCrash.m */ = {isa = PBXFileReference; fileEncoding = 4; lastKnownFileType = sourcecode.c.objc; path = "NSMutableAttributedString+AvoidCrash.m"; sourceTree = "<group>"; };
		9E6DB6F6218149A500B4E0D9 /* NSMutableDictionary+AvoidCrash.h */ = {isa = PBXFileReference; fileEncoding = 4; lastKnownFileType = sourcecode.c.h; path = "NSMutableDictionary+AvoidCrash.h"; sourceTree = "<group>"; };
		9E6DB6F7218149A500B4E0D9 /* NSMutableDictionary+AvoidCrash.m */ = {isa = PBXFileReference; fileEncoding = 4; lastKnownFileType = sourcecode.c.objc; path = "NSMutableDictionary+AvoidCrash.m"; sourceTree = "<group>"; };
		9E6DB6F8218149A500B4E0D9 /* NSMutableString+AvoidCrash.h */ = {isa = PBXFileReference; fileEncoding = 4; lastKnownFileType = sourcecode.c.h; path = "NSMutableString+AvoidCrash.h"; sourceTree = "<group>"; };
		9E6DB6F9218149A500B4E0D9 /* NSMutableString+AvoidCrash.m */ = {isa = PBXFileReference; fileEncoding = 4; lastKnownFileType = sourcecode.c.objc; path = "NSMutableString+AvoidCrash.m"; sourceTree = "<group>"; };
		9E6DB6FA218149A500B4E0D9 /* NSObject+AvoidCrash.h */ = {isa = PBXFileReference; fileEncoding = 4; lastKnownFileType = sourcecode.c.h; path = "NSObject+AvoidCrash.h"; sourceTree = "<group>"; };
		9E6DB6FB218149A500B4E0D9 /* NSObject+AvoidCrash.m */ = {isa = PBXFileReference; fileEncoding = 4; lastKnownFileType = sourcecode.c.objc; path = "NSObject+AvoidCrash.m"; sourceTree = "<group>"; };
		9E6DB6FC218149A500B4E0D9 /* NSString+AvoidCrash.h */ = {isa = PBXFileReference; fileEncoding = 4; lastKnownFileType = sourcecode.c.h; path = "NSString+AvoidCrash.h"; sourceTree = "<group>"; };
		9E6DB6FD218149A500B4E0D9 /* NSString+AvoidCrash.m */ = {isa = PBXFileReference; fileEncoding = 4; lastKnownFileType = sourcecode.c.objc; path = "NSString+AvoidCrash.m"; sourceTree = "<group>"; };
		9E7C90D32180061D00755744 /* TestVC.h */ = {isa = PBXFileReference; lastKnownFileType = sourcecode.c.h; path = TestVC.h; sourceTree = "<group>"; };
		9E7C90D42180061D00755744 /* TestVC.m */ = {isa = PBXFileReference; lastKnownFileType = sourcecode.c.objc; path = TestVC.m; sourceTree = "<group>"; };
		9E85509C217FFA9600660C6A /* GitTest.app */ = {isa = PBXFileReference; explicitFileType = wrapper.application; includeInIndex = 0; path = GitTest.app; sourceTree = BUILT_PRODUCTS_DIR; };
		9E85509F217FFA9600660C6A /* AppDelegate.h */ = {isa = PBXFileReference; lastKnownFileType = sourcecode.c.h; path = AppDelegate.h; sourceTree = "<group>"; };
		9E8550A0217FFA9600660C6A /* AppDelegate.m */ = {isa = PBXFileReference; lastKnownFileType = sourcecode.c.objc; path = AppDelegate.m; sourceTree = "<group>"; };
		9E8550A2217FFA9600660C6A /* ViewController.h */ = {isa = PBXFileReference; lastKnownFileType = sourcecode.c.h; path = ViewController.h; sourceTree = "<group>"; };
		9E8550A3217FFA9600660C6A /* ViewController.m */ = {isa = PBXFileReference; lastKnownFileType = sourcecode.c.objc; path = ViewController.m; sourceTree = "<group>"; };
		9E8550A6217FFA9600660C6A /* Base */ = {isa = PBXFileReference; lastKnownFileType = file.storyboard; name = Base; path = Base.lproj/Main.storyboard; sourceTree = "<group>"; };
		9E8550A8217FFA9700660C6A /* Assets.xcassets */ = {isa = PBXFileReference; lastKnownFileType = folder.assetcatalog; path = Assets.xcassets; sourceTree = "<group>"; };
		9E8550AB217FFA9700660C6A /* Base */ = {isa = PBXFileReference; lastKnownFileType = file.storyboard; name = Base; path = Base.lproj/LaunchScreen.storyboard; sourceTree = "<group>"; };
		9E8550AD217FFA9700660C6A /* Info.plist */ = {isa = PBXFileReference; lastKnownFileType = text.plist.xml; path = Info.plist; sourceTree = "<group>"; };
		9E8550AE217FFA9700660C6A /* main.m */ = {isa = PBXFileReference; lastKnownFileType = sourcecode.c.objc; path = main.m; sourceTree = "<group>"; };
		9E8550B4217FFA9700660C6A /* GitTestTests.xctest */ = {isa = PBXFileReference; explicitFileType = wrapper.cfbundle; includeInIndex = 0; path = GitTestTests.xctest; sourceTree = BUILT_PRODUCTS_DIR; };
		9E8550B8217FFA9700660C6A /* GitTestTests.m */ = {isa = PBXFileReference; lastKnownFileType = sourcecode.c.objc; path = GitTestTests.m; sourceTree = "<group>"; };
		9E8550BA217FFA9700660C6A /* Info.plist */ = {isa = PBXFileReference; lastKnownFileType = text.plist.xml; path = Info.plist; sourceTree = "<group>"; };
		9E8550BF217FFA9700660C6A /* GitTestUITests.xctest */ = {isa = PBXFileReference; explicitFileType = wrapper.cfbundle; includeInIndex = 0; path = GitTestUITests.xctest; sourceTree = BUILT_PRODUCTS_DIR; };
		9E8550C3217FFA9700660C6A /* GitTestUITests.m */ = {isa = PBXFileReference; lastKnownFileType = sourcecode.c.objc; path = GitTestUITests.m; sourceTree = "<group>"; };
		9E8550C5217FFA9700660C6A /* Info.plist */ = {isa = PBXFileReference; lastKnownFileType = text.plist.xml; path = Info.plist; sourceTree = "<group>"; };
		D4A3A815C0D12382F093C466 /* Pods-GitTest.release.xcconfig */ = {isa = PBXFileReference; includeInIndex = 1; lastKnownFileType = text.xcconfig; name = "Pods-GitTest.release.xcconfig"; path = "Pods/Target Support Files/Pods-GitTest/Pods-GitTest.release.xcconfig"; sourceTree = "<group>"; };
		F0ACF63B3441E1FF128A6BC5 /* Pods-GitTestUITests.debug.xcconfig */ = {isa = PBXFileReference; includeInIndex = 1; lastKnownFileType = text.xcconfig; name = "Pods-GitTestUITests.debug.xcconfig"; path = "Pods/Target Support Files/Pods-GitTestUITests/Pods-GitTestUITests.debug.xcconfig"; sourceTree = "<group>"; };
/* End PBXFileReference section */

/* Begin PBXFrameworksBuildPhase section */
		9E855099217FFA9600660C6A /* Frameworks */ = {
			isa = PBXFrameworksBuildPhase;
			buildActionMask = 2147483647;
			files = (
				9BEA7A2D2F6FA083566F570C /* libPods-GitTest.a in Frameworks */,
			);
			runOnlyForDeploymentPostprocessing = 0;
		};
		9E8550B1217FFA9700660C6A /* Frameworks */ = {
			isa = PBXFrameworksBuildPhase;
			buildActionMask = 2147483647;
			files = (
				64E727DD41EA48CD3FA7A4EE /* libPods-GitTestTests.a in Frameworks */,
			);
			runOnlyForDeploymentPostprocessing = 0;
		};
		9E8550BC217FFA9700660C6A /* Frameworks */ = {
			isa = PBXFrameworksBuildPhase;
			buildActionMask = 2147483647;
			files = (
				FA1F3D5F38F046C8200DB6E2 /* libPods-GitTestUITests.a in Frameworks */,
			);
			runOnlyForDeploymentPostprocessing = 0;
		};
/* End PBXFrameworksBuildPhase section */

/* Begin PBXGroup section */
		9E6DB6E6218149A500B4E0D9 /* AvoidCrash */ = {
			isa = PBXGroup;
			children = (
				9E6DB6E7218149A500B4E0D9 /* AvoidCrash.h */,
				9E6DB6E8218149A500B4E0D9 /* AvoidCrash.m */,
				9E6DB6E9218149A500B4E0D9 /* AvoidCrashProtocol.h */,
				9E6DB6EA218149A500B4E0D9 /* AvoidCrashStubProxy.h */,
				9E6DB6EB218149A500B4E0D9 /* AvoidCrashStubProxy.m */,
				9E6DB6EC218149A500B4E0D9 /* NSArray+AvoidCrash.h */,
				9E6DB6ED218149A500B4E0D9 /* NSArray+AvoidCrash.m */,
				9E6DB6EE218149A500B4E0D9 /* NSAttributedString+AvoidCrash.h */,
				9E6DB6EF218149A500B4E0D9 /* NSAttributedString+AvoidCrash.m */,
				9E6DB6F0218149A500B4E0D9 /* NSDictionary+AvoidCrash.h */,
				9E6DB6F1218149A500B4E0D9 /* NSDictionary+AvoidCrash.m */,
				9E6DB6F2218149A500B4E0D9 /* NSMutableArray+AvoidCrash.h */,
				9E6DB6F3218149A500B4E0D9 /* NSMutableArray+AvoidCrash.m */,
				9E6DB6F4218149A500B4E0D9 /* NSMutableAttributedString+AvoidCrash.h */,
				9E6DB6F5218149A500B4E0D9 /* NSMutableAttributedString+AvoidCrash.m */,
				9E6DB6F6218149A500B4E0D9 /* NSMutableDictionary+AvoidCrash.h */,
				9E6DB6F7218149A500B4E0D9 /* NSMutableDictionary+AvoidCrash.m */,
				9E6DB6F8218149A500B4E0D9 /* NSMutableString+AvoidCrash.h */,
				9E6DB6F9218149A500B4E0D9 /* NSMutableString+AvoidCrash.m */,
				9E6DB6FA218149A500B4E0D9 /* NSObject+AvoidCrash.h */,
				9E6DB6FB218149A500B4E0D9 /* NSObject+AvoidCrash.m */,
				9E6DB6FC218149A500B4E0D9 /* NSString+AvoidCrash.h */,
				9E6DB6FD218149A500B4E0D9 /* NSString+AvoidCrash.m */,
			);
			path = AvoidCrash;
			sourceTree = "<group>";
		};
		9E855093217FFA9600660C6A = {
			isa = PBXGroup;
			children = (
				9E85509E217FFA9600660C6A /* GitTest */,
				9E8550B7217FFA9700660C6A /* GitTestTests */,
				9E8550C2217FFA9700660C6A /* GitTestUITests */,
				9E85509D217FFA9600660C6A /* Products */,
				D76DA7EBFE966A76A0587772 /* Pods */,
				BA7A51F54F7DA1223441CF56 /* Frameworks */,
			);
			sourceTree = "<group>";
		};
		9E85509D217FFA9600660C6A /* Products */ = {
			isa = PBXGroup;
			children = (
				9E85509C217FFA9600660C6A /* GitTest.app */,
				9E8550B4217FFA9700660C6A /* GitTestTests.xctest */,
				9E8550BF217FFA9700660C6A /* GitTestUITests.xctest */,
			);
			name = Products;
			sourceTree = "<group>";
		};
		9E85509E217FFA9600660C6A /* GitTest */ = {
			isa = PBXGroup;
			children = (
				9E6DB6E6218149A500B4E0D9 /* AvoidCrash */,
				9E85509F217FFA9600660C6A /* AppDelegate.h */,
				9E8550A0217FFA9600660C6A /* AppDelegate.m */,
				9E8550A2217FFA9600660C6A /* ViewController.h */,
				9E8550A3217FFA9600660C6A /* ViewController.m */,
				9E7C90D32180061D00755744 /* TestVC.h */,
				9E7C90D42180061D00755744 /* TestVC.m */,
				9E8550A5217FFA9600660C6A /* Main.storyboard */,
				9E8550A8217FFA9700660C6A /* Assets.xcassets */,
				9E8550AA217FFA9700660C6A /* LaunchScreen.storyboard */,
				9E8550AD217FFA9700660C6A /* Info.plist */,
				9E8550AE217FFA9700660C6A /* main.m */,
			);
			path = GitTest;
			sourceTree = "<group>";
		};
		9E8550B7217FFA9700660C6A /* GitTestTests */ = {
			isa = PBXGroup;
			children = (
				9E8550B8217FFA9700660C6A /* GitTestTests.m */,
				9E8550BA217FFA9700660C6A /* Info.plist */,
			);
			path = GitTestTests;
			sourceTree = "<group>";
		};
		9E8550C2217FFA9700660C6A /* GitTestUITests */ = {
			isa = PBXGroup;
			children = (
				9E8550C3217FFA9700660C6A /* GitTestUITests.m */,
				9E8550C5217FFA9700660C6A /* Info.plist */,
			);
			path = GitTestUITests;
			sourceTree = "<group>";
		};
		BA7A51F54F7DA1223441CF56 /* Frameworks */ = {
			isa = PBXGroup;
			children = (
				18F33E1A9DF75BD7352B6A93 /* libPods-GitTest.a */,
				71F1F7FB25D17C2584EC6CAA /* libPods-GitTestTests.a */,
				02255829DD268ABDD2E099B0 /* libPods-GitTestUITests.a */,
			);
			name = Frameworks;
			sourceTree = "<group>";
		};
		D76DA7EBFE966A76A0587772 /* Pods */ = {
			isa = PBXGroup;
			children = (
				9BB3316EC92E5847193D6401 /* Pods-GitTest.debug.xcconfig */,
				D4A3A815C0D12382F093C466 /* Pods-GitTest.release.xcconfig */,
				646B68F7B6FA9B334064C380 /* Pods-GitTestTests.debug.xcconfig */,
				92233ADFAE3F0154060A430F /* Pods-GitTestTests.release.xcconfig */,
				F0ACF63B3441E1FF128A6BC5 /* Pods-GitTestUITests.debug.xcconfig */,
				67056F3D056C62886BE0EC77 /* Pods-GitTestUITests.release.xcconfig */,
			);
			name = Pods;
			sourceTree = "<group>";
		};
/* End PBXGroup section */

/* Begin PBXNativeTarget section */
		9E85509B217FFA9600660C6A /* GitTest */ = {
			isa = PBXNativeTarget;
			buildConfigurationList = 9E8550C8217FFA9700660C6A /* Build configuration list for PBXNativeTarget "GitTest" */;
			buildPhases = (
				743B0008895C394D928C750C /* [CP] Check Pods Manifest.lock */,
				9E855098217FFA9600660C6A /* Sources */,
				9E855099217FFA9600660C6A /* Frameworks */,
				9E85509A217FFA9600660C6A /* Resources */,
			);
			buildRules = (
			);
			dependencies = (
			);
			name = GitTest;
			productName = GitTest;
			productReference = 9E85509C217FFA9600660C6A /* GitTest.app */;
			productType = "com.apple.product-type.application";
		};
		9E8550B3217FFA9700660C6A /* GitTestTests */ = {
			isa = PBXNativeTarget;
			buildConfigurationList = 9E8550CB217FFA9700660C6A /* Build configuration list for PBXNativeTarget "GitTestTests" */;
			buildPhases = (
				157D3FA3DF7024230F50C2A2 /* [CP] Check Pods Manifest.lock */,
				9E8550B0217FFA9700660C6A /* Sources */,
				9E8550B1217FFA9700660C6A /* Frameworks */,
				9E8550B2217FFA9700660C6A /* Resources */,
			);
			buildRules = (
			);
			dependencies = (
				9E8550B6217FFA9700660C6A /* PBXTargetDependency */,
			);
			name = GitTestTests;
			productName = GitTestTests;
			productReference = 9E8550B4217FFA9700660C6A /* GitTestTests.xctest */;
			productType = "com.apple.product-type.bundle.unit-test";
		};
		9E8550BE217FFA9700660C6A /* GitTestUITests */ = {
			isa = PBXNativeTarget;
			buildConfigurationList = 9E8550CE217FFA9700660C6A /* Build configuration list for PBXNativeTarget "GitTestUITests" */;
			buildPhases = (
				914B46A4E15B425669A53F1E /* [CP] Check Pods Manifest.lock */,
				9E8550BB217FFA9700660C6A /* Sources */,
				9E8550BC217FFA9700660C6A /* Frameworks */,
				9E8550BD217FFA9700660C6A /* Resources */,
			);
			buildRules = (
			);
			dependencies = (
				9E8550C1217FFA9700660C6A /* PBXTargetDependency */,
			);
			name = GitTestUITests;
			productName = GitTestUITests;
			productReference = 9E8550BF217FFA9700660C6A /* GitTestUITests.xctest */;
			productType = "com.apple.product-type.bundle.ui-testing";
		};
/* End PBXNativeTarget section */

/* Begin PBXProject section */
		9E855094217FFA9600660C6A /* Project object */ = {
			isa = PBXProject;
			attributes = {
				LastUpgradeCheck = 1000;
				ORGANIZATIONNAME = LL;
				TargetAttributes = {
					9E85509B217FFA9600660C6A = {
						CreatedOnToolsVersion = 10.0;
					};
					9E8550B3217FFA9700660C6A = {
						CreatedOnToolsVersion = 10.0;
						TestTargetID = 9E85509B217FFA9600660C6A;
					};
					9E8550BE217FFA9700660C6A = {
						CreatedOnToolsVersion = 10.0;
						TestTargetID = 9E85509B217FFA9600660C6A;
					};
				};
			};
			buildConfigurationList = 9E855097217FFA9600660C6A /* Build configuration list for PBXProject "GitTest" */;
			compatibilityVersion = "Xcode 9.3";
			developmentRegion = en;
			hasScannedForEncodings = 0;
			knownRegions = (
				en,
				Base,
			);
			mainGroup = 9E855093217FFA9600660C6A;
			productRefGroup = 9E85509D217FFA9600660C6A /* Products */;
			projectDirPath = "";
			projectRoot = "";
			targets = (
				9E85509B217FFA9600660C6A /* GitTest */,
				9E8550B3217FFA9700660C6A /* GitTestTests */,
				9E8550BE217FFA9700660C6A /* GitTestUITests */,
			);
		};
/* End PBXProject section */

/* Begin PBXResourcesBuildPhase section */
		9E85509A217FFA9600660C6A /* Resources */ = {
			isa = PBXResourcesBuildPhase;
			buildActionMask = 2147483647;
			files = (
				9E8550AC217FFA9700660C6A /* LaunchScreen.storyboard in Resources */,
				9E8550A9217FFA9700660C6A /* Assets.xcassets in Resources */,
				9E8550A7217FFA9600660C6A /* Main.storyboard in Resources */,
			);
			runOnlyForDeploymentPostprocessing = 0;
		};
		9E8550B2217FFA9700660C6A /* Resources */ = {
			isa = PBXResourcesBuildPhase;
			buildActionMask = 2147483647;
			files = (
			);
			runOnlyForDeploymentPostprocessing = 0;
		};
		9E8550BD217FFA9700660C6A /* Resources */ = {
			isa = PBXResourcesBuildPhase;
			buildActionMask = 2147483647;
			files = (
			);
			runOnlyForDeploymentPostprocessing = 0;
		};
/* End PBXResourcesBuildPhase section */

/* Begin PBXShellScriptBuildPhase section */
		157D3FA3DF7024230F50C2A2 /* [CP] Check Pods Manifest.lock */ = {
			isa = PBXShellScriptBuildPhase;
			buildActionMask = 2147483647;
			files = (
			);
			inputPaths = (
				"${PODS_PODFILE_DIR_PATH}/Podfile.lock",
				"${PODS_ROOT}/Manifest.lock",
			);
			name = "[CP] Check Pods Manifest.lock";
			outputPaths = (
				"$(DERIVED_FILE_DIR)/Pods-GitTestTests-checkManifestLockResult.txt",
			);
			runOnlyForDeploymentPostprocessing = 0;
			shellPath = /bin/sh;
			shellScript = "diff \"${PODS_PODFILE_DIR_PATH}/Podfile.lock\" \"${PODS_ROOT}/Manifest.lock\" > /dev/null\nif [ $? != 0 ] ; then\n    # print error to STDERR\n    echo \"error: The sandbox is not in sync with the Podfile.lock. Run 'pod install' or update your CocoaPods installation.\" >&2\n    exit 1\nfi\n# This output is used by Xcode 'outputs' to avoid re-running this script phase.\necho \"SUCCESS\" > \"${SCRIPT_OUTPUT_FILE_0}\"\n";
			showEnvVarsInLog = 0;
		};
		743B0008895C394D928C750C /* [CP] Check Pods Manifest.lock */ = {
			isa = PBXShellScriptBuildPhase;
			buildActionMask = 2147483647;
			files = (
			);
			inputPaths = (
				"${PODS_PODFILE_DIR_PATH}/Podfile.lock",
				"${PODS_ROOT}/Manifest.lock",
			);
			name = "[CP] Check Pods Manifest.lock";
			outputPaths = (
				"$(DERIVED_FILE_DIR)/Pods-GitTest-checkManifestLockResult.txt",
			);
			runOnlyForDeploymentPostprocessing = 0;
			shellPath = /bin/sh;
			shellScript = "diff \"${PODS_PODFILE_DIR_PATH}/Podfile.lock\" \"${PODS_ROOT}/Manifest.lock\" > /dev/null\nif [ $? != 0 ] ; then\n    # print error to STDERR\n    echo \"error: The sandbox is not in sync with the Podfile.lock. Run 'pod install' or update your CocoaPods installation.\" >&2\n    exit 1\nfi\n# This output is used by Xcode 'outputs' to avoid re-running this script phase.\necho \"SUCCESS\" > \"${SCRIPT_OUTPUT_FILE_0}\"\n";
			showEnvVarsInLog = 0;
		};
		914B46A4E15B425669A53F1E /* [CP] Check Pods Manifest.lock */ = {
			isa = PBXShellScriptBuildPhase;
			buildActionMask = 2147483647;
			files = (
			);
			inputPaths = (
				"${PODS_PODFILE_DIR_PATH}/Podfile.lock",
				"${PODS_ROOT}/Manifest.lock",
			);
			name = "[CP] Check Pods Manifest.lock";
			outputPaths = (
				"$(DERIVED_FILE_DIR)/Pods-GitTestUITests-checkManifestLockResult.txt",
			);
			runOnlyForDeploymentPostprocessing = 0;
			shellPath = /bin/sh;
			shellScript = "diff \"${PODS_PODFILE_DIR_PATH}/Podfile.lock\" \"${PODS_ROOT}/Manifest.lock\" > /dev/null\nif [ $? != 0 ] ; then\n    # print error to STDERR\n    echo \"error: The sandbox is not in sync with the Podfile.lock. Run 'pod install' or update your CocoaPods installation.\" >&2\n    exit 1\nfi\n# This output is used by Xcode 'outputs' to avoid re-running this script phase.\necho \"SUCCESS\" > \"${SCRIPT_OUTPUT_FILE_0}\"\n";
			showEnvVarsInLog = 0;
		};
/* End PBXShellScriptBuildPhase section */

/* Begin PBXSourcesBuildPhase section */
		9E855098217FFA9600660C6A /* Sources */ = {
			isa = PBXSourcesBuildPhase;
			buildActionMask = 2147483647;
			files = (
				9E6DB704218149A500B4E0D9 /* NSMutableAttributedString+AvoidCrash.m in Sources */,
				9E6DB6FF218149A500B4E0D9 /* AvoidCrashStubProxy.m in Sources */,
				9E6DB701218149A500B4E0D9 /* NSAttributedString+AvoidCrash.m in Sources */,
				9E7C90D52180061D00755744 /* TestVC.m in Sources */,
				9E6DB702218149A500B4E0D9 /* NSDictionary+AvoidCrash.m in Sources */,
				9E8550A4217FFA9600660C6A /* ViewController.m in Sources */,
				9E6DB706218149A500B4E0D9 /* NSMutableString+AvoidCrash.m in Sources */,
				9E6DB6FE218149A500B4E0D9 /* AvoidCrash.m in Sources */,
				9E8550AF217FFA9700660C6A /* main.m in Sources */,
				9E6DB703218149A500B4E0D9 /* NSMutableArray+AvoidCrash.m in Sources */,
				9E8550A1217FFA9600660C6A /* AppDelegate.m in Sources */,
				9E6DB708218149A500B4E0D9 /* NSString+AvoidCrash.m in Sources */,
				9E6DB705218149A500B4E0D9 /* NSMutableDictionary+AvoidCrash.m in Sources */,
				9E6DB700218149A500B4E0D9 /* NSArray+AvoidCrash.m in Sources */,
				9E6DB707218149A500B4E0D9 /* NSObject+AvoidCrash.m in Sources */,
			);
			runOnlyForDeploymentPostprocessing = 0;
		};
		9E8550B0217FFA9700660C6A /* Sources */ = {
			isa = PBXSourcesBuildPhase;
			buildActionMask = 2147483647;
			files = (
				9E8550B9217FFA9700660C6A /* GitTestTests.m in Sources */,
			);
			runOnlyForDeploymentPostprocessing = 0;
		};
		9E8550BB217FFA9700660C6A /* Sources */ = {
			isa = PBXSourcesBuildPhase;
			buildActionMask = 2147483647;
			files = (
				9E8550C4217FFA9700660C6A /* GitTestUITests.m in Sources */,
			);
			runOnlyForDeploymentPostprocessing = 0;
		};
/* End PBXSourcesBuildPhase section */

/* Begin PBXTargetDependency section */
		9E8550B6217FFA9700660C6A /* PBXTargetDependency */ = {
			isa = PBXTargetDependency;
			target = 9E85509B217FFA9600660C6A /* GitTest */;
			targetProxy = 9E8550B5217FFA9700660C6A /* PBXContainerItemProxy */;
		};
		9E8550C1217FFA9700660C6A /* PBXTargetDependency */ = {
			isa = PBXTargetDependency;
			target = 9E85509B217FFA9600660C6A /* GitTest */;
			targetProxy = 9E8550C0217FFA9700660C6A /* PBXContainerItemProxy */;
		};
/* End PBXTargetDependency section */

/* Begin PBXVariantGroup section */
		9E8550A5217FFA9600660C6A /* Main.storyboard */ = {
			isa = PBXVariantGroup;
			children = (
				9E8550A6217FFA9600660C6A /* Base */,
			);
			name = Main.storyboard;
			sourceTree = "<group>";
		};
		9E8550AA217FFA9700660C6A /* LaunchScreen.storyboard */ = {
			isa = PBXVariantGroup;
			children = (
				9E8550AB217FFA9700660C6A /* Base */,
			);
			name = LaunchScreen.storyboard;
			sourceTree = "<group>";
		};
/* End PBXVariantGroup section */

/* Begin XCBuildConfiguration section */
		9E8550C6217FFA9700660C6A /* Debug */ = {
			isa = XCBuildConfiguration;
			buildSettings = {
				ALWAYS_SEARCH_USER_PATHS = NO;
				CLANG_ANALYZER_NONNULL = YES;
				CLANG_ANALYZER_NUMBER_OBJECT_CONVERSION = YES_AGGRESSIVE;
				CLANG_CXX_LANGUAGE_STANDARD = "gnu++14";
				CLANG_CXX_LIBRARY = "libc++";
				CLANG_ENABLE_MODULES = YES;
				CLANG_ENABLE_OBJC_ARC = YES;
				CLANG_ENABLE_OBJC_WEAK = YES;
				CLANG_WARN_BLOCK_CAPTURE_AUTORELEASING = YES;
				CLANG_WARN_BOOL_CONVERSION = YES;
				CLANG_WARN_COMMA = YES;
				CLANG_WARN_CONSTANT_CONVERSION = YES;
				CLANG_WARN_DEPRECATED_OBJC_IMPLEMENTATIONS = YES;
				CLANG_WARN_DIRECT_OBJC_ISA_USAGE = YES_ERROR;
				CLANG_WARN_DOCUMENTATION_COMMENTS = YES;
				CLANG_WARN_EMPTY_BODY = YES;
				CLANG_WARN_ENUM_CONVERSION = YES;
				CLANG_WARN_INFINITE_RECURSION = YES;
				CLANG_WARN_INT_CONVERSION = YES;
				CLANG_WARN_NON_LITERAL_NULL_CONVERSION = YES;
				CLANG_WARN_OBJC_IMPLICIT_RETAIN_SELF = YES;
				CLANG_WARN_OBJC_LITERAL_CONVERSION = YES;
				CLANG_WARN_OBJC_ROOT_CLASS = YES_ERROR;
				CLANG_WARN_RANGE_LOOP_ANALYSIS = YES;
				CLANG_WARN_STRICT_PROTOTYPES = YES;
				CLANG_WARN_SUSPICIOUS_MOVE = YES;
				CLANG_WARN_UNGUARDED_AVAILABILITY = YES_AGGRESSIVE;
				CLANG_WARN_UNREACHABLE_CODE = YES;
				CLANG_WARN__DUPLICATE_METHOD_MATCH = YES;
				CODE_SIGN_IDENTITY = "iPhone Developer";
				COPY_PHASE_STRIP = NO;
				DEBUG_INFORMATION_FORMAT = dwarf;
				ENABLE_STRICT_OBJC_MSGSEND = YES;
				ENABLE_TESTABILITY = YES;
				GCC_C_LANGUAGE_STANDARD = gnu11;
				GCC_DYNAMIC_NO_PIC = NO;
				GCC_NO_COMMON_BLOCKS = YES;
				GCC_OPTIMIZATION_LEVEL = 0;
				GCC_PREPROCESSOR_DEFINITIONS = (
					"DEBUG=1",
					"$(inherited)",
				);
				GCC_WARN_64_TO_32_BIT_CONVERSION = YES;
				GCC_WARN_ABOUT_RETURN_TYPE = YES_ERROR;
				GCC_WARN_UNDECLARED_SELECTOR = YES;
				GCC_WARN_UNINITIALIZED_AUTOS = YES_AGGRESSIVE;
				GCC_WARN_UNUSED_FUNCTION = YES;
				GCC_WARN_UNUSED_VARIABLE = YES;
				IPHONEOS_DEPLOYMENT_TARGET = 12.0;
				MTL_ENABLE_DEBUG_INFO = INCLUDE_SOURCE;
				MTL_FAST_MATH = YES;
				ONLY_ACTIVE_ARCH = YES;
				SDKROOT = iphoneos;
			};
			name = Debug;
		};
		9E8550C7217FFA9700660C6A /* Release */ = {
			isa = XCBuildConfiguration;
			buildSettings = {
				ALWAYS_SEARCH_USER_PATHS = NO;
				CLANG_ANALYZER_NONNULL = YES;
				CLANG_ANALYZER_NUMBER_OBJECT_CONVERSION = YES_AGGRESSIVE;
				CLANG_CXX_LANGUAGE_STANDARD = "gnu++14";
				CLANG_CXX_LIBRARY = "libc++";
				CLANG_ENABLE_MODULES = YES;
				CLANG_ENABLE_OBJC_ARC = YES;
				CLANG_ENABLE_OBJC_WEAK = YES;
				CLANG_WARN_BLOCK_CAPTURE_AUTORELEASING = YES;
				CLANG_WARN_BOOL_CONVERSION = YES;
				CLANG_WARN_COMMA = YES;
				CLANG_WARN_CONSTANT_CONVERSION = YES;
				CLANG_WARN_DEPRECATED_OBJC_IMPLEMENTATIONS = YES;
				CLANG_WARN_DIRECT_OBJC_ISA_USAGE = YES_ERROR;
				CLANG_WARN_DOCUMENTATION_COMMENTS = YES;
				CLANG_WARN_EMPTY_BODY = YES;
				CLANG_WARN_ENUM_CONVERSION = YES;
				CLANG_WARN_INFINITE_RECURSION = YES;
				CLANG_WARN_INT_CONVERSION = YES;
				CLANG_WARN_NON_LITERAL_NULL_CONVERSION = YES;
				CLANG_WARN_OBJC_IMPLICIT_RETAIN_SELF = YES;
				CLANG_WARN_OBJC_LITERAL_CONVERSION = YES;
				CLANG_WARN_OBJC_ROOT_CLASS = YES_ERROR;
				CLANG_WARN_RANGE_LOOP_ANALYSIS = YES;
				CLANG_WARN_STRICT_PROTOTYPES = YES;
				CLANG_WARN_SUSPICIOUS_MOVE = YES;
				CLANG_WARN_UNGUARDED_AVAILABILITY = YES_AGGRESSIVE;
				CLANG_WARN_UNREACHABLE_CODE = YES;
				CLANG_WARN__DUPLICATE_METHOD_MATCH = YES;
				CODE_SIGN_IDENTITY = "iPhone Developer";
				COPY_PHASE_STRIP = NO;
				DEBUG_INFORMATION_FORMAT = "dwarf-with-dsym";
				ENABLE_NS_ASSERTIONS = NO;
				ENABLE_STRICT_OBJC_MSGSEND = YES;
				GCC_C_LANGUAGE_STANDARD = gnu11;
				GCC_NO_COMMON_BLOCKS = YES;
				GCC_WARN_64_TO_32_BIT_CONVERSION = YES;
				GCC_WARN_ABOUT_RETURN_TYPE = YES_ERROR;
				GCC_WARN_UNDECLARED_SELECTOR = YES;
				GCC_WARN_UNINITIALIZED_AUTOS = YES_AGGRESSIVE;
				GCC_WARN_UNUSED_FUNCTION = YES;
				GCC_WARN_UNUSED_VARIABLE = YES;
				IPHONEOS_DEPLOYMENT_TARGET = 12.0;
				MTL_ENABLE_DEBUG_INFO = NO;
				MTL_FAST_MATH = YES;
				SDKROOT = iphoneos;
				VALIDATE_PRODUCT = YES;
			};
			name = Release;
		};
		9E8550C9217FFA9700660C6A /* Debug */ = {
			isa = XCBuildConfiguration;
			baseConfigurationReference = 9BB3316EC92E5847193D6401 /* Pods-GitTest.debug.xcconfig */;
			buildSettings = {
				ASSETCATALOG_COMPILER_APPICON_NAME = AppIcon;
				CODE_SIGN_STYLE = Automatic;
				DEVELOPMENT_TEAM = WW2894F4MR;
				INFOPLIST_FILE = GitTest/Info.plist;
				LD_RUNPATH_SEARCH_PATHS = (
					"$(inherited)",
					"@executable_path/Frameworks",
				);
				PRODUCT_BUNDLE_IDENTIFIER = com.Test.GitTest;
				PRODUCT_NAME = "$(TARGET_NAME)";
				TARGETED_DEVICE_FAMILY = "1,2";
			};
			name = Debug;
		};
		9E8550CA217FFA9700660C6A /* Release */ = {
			isa = XCBuildConfiguration;
			baseConfigurationReference = D4A3A815C0D12382F093C466 /* Pods-GitTest.release.xcconfig */;
			buildSettings = {
				ASSETCATALOG_COMPILER_APPICON_NAME = AppIcon;
				CODE_SIGN_STYLE = Automatic;
				DEVELOPMENT_TEAM = WW2894F4MR;
				INFOPLIST_FILE = GitTest/Info.plist;
				LD_RUNPATH_SEARCH_PATHS = (
					"$(inherited)",
					"@executable_path/Frameworks",
				);
				PRODUCT_BUNDLE_IDENTIFIER = com.Test.GitTest;
				PRODUCT_NAME = "$(TARGET_NAME)";
				TARGETED_DEVICE_FAMILY = "1,2";
			};
			name = Release;
		};
		9E8550CC217FFA9700660C6A /* Debug */ = {
			isa = XCBuildConfiguration;
			baseConfigurationReference = 646B68F7B6FA9B334064C380 /* Pods-GitTestTests.debug.xcconfig */;
			buildSettings = {
				BUNDLE_LOADER = "$(TEST_HOST)";
				CODE_SIGN_STYLE = Automatic;
				DEVELOPMENT_TEAM = WW2894F4MR;
				INFOPLIST_FILE = GitTestTests/Info.plist;
				LD_RUNPATH_SEARCH_PATHS = (
					"$(inherited)",
					"@executable_path/Frameworks",
					"@loader_path/Frameworks",
				);
				PRODUCT_BUNDLE_IDENTIFIER = com.Test.GitTestTests;
				PRODUCT_NAME = "$(TARGET_NAME)";
				TARGETED_DEVICE_FAMILY = "1,2";
				TEST_HOST = "$(BUILT_PRODUCTS_DIR)/GitTest.app/GitTest";
			};
			name = Debug;
		};
		9E8550CD217FFA9700660C6A /* Release */ = {
			isa = XCBuildConfiguration;
			baseConfigurationReference = 92233ADFAE3F0154060A430F /* Pods-GitTestTests.release.xcconfig */;
			buildSettings = {
				BUNDLE_LOADER = "$(TEST_HOST)";
				CODE_SIGN_STYLE = Automatic;
				DEVELOPMENT_TEAM = WW2894F4MR;
				INFOPLIST_FILE = GitTestTests/Info.plist;
				LD_RUNPATH_SEARCH_PATHS = (
					"$(inherited)",
					"@executable_path/Frameworks",
					"@loader_path/Frameworks",
				);
				PRODUCT_BUNDLE_IDENTIFIER = com.Test.GitTestTests;
				PRODUCT_NAME = "$(TARGET_NAME)";
				TARGETED_DEVICE_FAMILY = "1,2";
				TEST_HOST = "$(BUILT_PRODUCTS_DIR)/GitTest.app/GitTest";
			};
			name = Release;
		};
		9E8550CF217FFA9700660C6A /* Debug */ = {
			isa = XCBuildConfiguration;
			baseConfigurationReference = F0ACF63B3441E1FF128A6BC5 /* Pods-GitTestUITests.debug.xcconfig */;
			buildSettings = {
				CODE_SIGN_STYLE = Automatic;
				DEVELOPMENT_TEAM = WW2894F4MR;
				INFOPLIST_FILE = GitTestUITests/Info.plist;
				LD_RUNPATH_SEARCH_PATHS = (
					"$(inherited)",
					"@executable_path/Frameworks",
					"@loader_path/Frameworks",
				);
				PRODUCT_BUNDLE_IDENTIFIER = com.Test.GitTestUITests;
				PRODUCT_NAME = "$(TARGET_NAME)";
				TARGETED_DEVICE_FAMILY = "1,2";
				TEST_TARGET_NAME = GitTest;
			};
			name = Debug;
		};
		9E8550D0217FFA9700660C6A /* Release */ = {
			isa = XCBuildConfiguration;
			baseConfigurationReference = 67056F3D056C62886BE0EC77 /* Pods-GitTestUITests.release.xcconfig */;
			buildSettings = {
				CODE_SIGN_STYLE = Automatic;
				DEVELOPMENT_TEAM = WW2894F4MR;
				INFOPLIST_FILE = GitTestUITests/Info.plist;
				LD_RUNPATH_SEARCH_PATHS = (
					"$(inherited)",
					"@executable_path/Frameworks",
					"@loader_path/Frameworks",
				);
				PRODUCT_BUNDLE_IDENTIFIER = com.Test.GitTestUITests;
				PRODUCT_NAME = "$(TARGET_NAME)";
				TARGETED_DEVICE_FAMILY = "1,2";
				TEST_TARGET_NAME = GitTest;
			};
			name = Release;
		};
/* End XCBuildConfiguration section */

/* Begin XCConfigurationList section */
		9E855097217FFA9600660C6A /* Build configuration list for PBXProject "GitTest" */ = {
			isa = XCConfigurationList;
			buildConfigurations = (
				9E8550C6217FFA9700660C6A /* Debug */,
				9E8550C7217FFA9700660C6A /* Release */,
			);
			defaultConfigurationIsVisible = 0;
			defaultConfigurationName = Release;
		};
		9E8550C8217FFA9700660C6A /* Build configuration list for PBXNativeTarget "GitTest" */ = {
			isa = XCConfigurationList;
			buildConfigurations = (
				9E8550C9217FFA9700660C6A /* Debug */,
				9E8550CA217FFA9700660C6A /* Release */,
			);
			defaultConfigurationIsVisible = 0;
			defaultConfigurationName = Release;
		};
		9E8550CB217FFA9700660C6A /* Build configuration list for PBXNativeTarget "GitTestTests" */ = {
			isa = XCConfigurationList;
			buildConfigurations = (
				9E8550CC217FFA9700660C6A /* Debug */,
				9E8550CD217FFA9700660C6A /* Release */,
			);
			defaultConfigurationIsVisible = 0;
			defaultConfigurationName = Release;
		};
		9E8550CE217FFA9700660C6A /* Build configuration list for PBXNativeTarget "GitTestUITests" */ = {
			isa = XCConfigurationList;
			buildConfigurations = (
				9E8550CF217FFA9700660C6A /* Debug */,
				9E8550D0217FFA9700660C6A /* Release */,
			);
			defaultConfigurationIsVisible = 0;
			defaultConfigurationName = Release;
		};
/* End XCConfigurationList section */
	};
	rootObject = 9E855094217FFA9600660C6A /* Project object */;
}
